// !$*UTF8*$!
{
	archiveVersion = 1;
	classes = {
	};
	objectVersion = 50;
	objects = {

/* Begin PBXBuildFile section */
		0B7575BB25B44FF900601DC7 /* main.swift in Sources */ = {isa = PBXBuildFile; fileRef = 0B7575BA25B44FF900601DC7 /* main.swift */; };
		0B7575C625B4518000601DC7 /* io.omniedge.mac.Omniedge.HelperTool in CopyFiles */ = {isa = PBXBuildFile; fileRef = 0B7575B825B44FF900601DC7 /* io.omniedge.mac.Omniedge.HelperTool */; settings = {ATTRIBUTES = (CodeSignOnCopy, ); }; };
		0B9B787A25B4717000BB415D /* Constants.swift in Sources */ = {isa = PBXBuildFile; fileRef = 0B9B787825B4717000BB415D /* Constants.swift */; };
		0B9B787B25B4717000BB415D /* Protocols.swift in Sources */ = {isa = PBXBuildFile; fileRef = 0B9B787925B4717000BB415D /* Protocols.swift */; };
		0B9B788025B4718200BB415D /* Constants.swift in Sources */ = {isa = PBXBuildFile; fileRef = 0B9B787825B4717000BB415D /* Constants.swift */; };
		0B9B788125B4718200BB415D /* Protocols.swift in Sources */ = {isa = PBXBuildFile; fileRef = 0B9B787925B4717000BB415D /* Protocols.swift */; };
		0B9B788925B4720400BB415D /* XPCClient.swift in Sources */ = {isa = PBXBuildFile; fileRef = 0B9B788825B4720400BB415D /* XPCClient.swift */; };
		0B9B789325B4746F00BB415D /* XPCServer.swift in Sources */ = {isa = PBXBuildFile; fileRef = 0B9B789225B4746F00BB415D /* XPCServer.swift */; };
		0B9B789725B4773A00BB415D /* HelperTool.swift in Sources */ = {isa = PBXBuildFile; fileRef = 0B9B789625B4773A00BB415D /* HelperTool.swift */; };
		0B9B789B25B4792900BB415D /* Util.swift in Sources */ = {isa = PBXBuildFile; fileRef = 0B9B789A25B4792900BB415D /* Util.swift */; };
		0BBF0F8325AB52FC001E9B2C /* AppDelegate.swift in Sources */ = {isa = PBXBuildFile; fileRef = 0BBF0F8225AB52FC001E9B2C /* AppDelegate.swift */; };
		0BBF0F8725AB52FD001E9B2C /* Assets.xcassets in Resources */ = {isa = PBXBuildFile; fileRef = 0BBF0F8625AB52FD001E9B2C /* Assets.xcassets */; };
		0BBF0F8A25AB52FD001E9B2C /* Main.storyboard in Resources */ = {isa = PBXBuildFile; fileRef = 0BBF0F8825AB52FD001E9B2C /* Main.storyboard */; };
		0BBF0FAC25AB5F26001E9B2C /* StatusBarView.swift in Sources */ = {isa = PBXBuildFile; fileRef = 0BBF0FAB25AB5F26001E9B2C /* StatusBarView.swift */; };
/* End PBXBuildFile section */

/* Begin PBXCopyFilesBuildPhase section */
		0B7575B625B44FF900601DC7 /* CopyFiles */ = {
			isa = PBXCopyFilesBuildPhase;
			buildActionMask = 2147483647;
			dstPath = /usr/share/man/man1/;
			dstSubfolderSpec = 0;
			files = (
			);
			runOnlyForDeploymentPostprocessing = 1;
		};
		0B7575C525B4517B00601DC7 /* CopyFiles */ = {
			isa = PBXCopyFilesBuildPhase;
			buildActionMask = 2147483647;
			dstPath = Contents/Library/LaunchServices;
			dstSubfolderSpec = 1;
			files = (
				0B7575C625B4518000601DC7 /* io.omniedge.mac.Omniedge.HelperTool in CopyFiles */,
			);
			runOnlyForDeploymentPostprocessing = 0;
		};
/* End PBXCopyFilesBuildPhase section */

/* Begin PBXFileReference section */
		0B7575B825B44FF900601DC7 /* io.omniedge.mac.Omniedge.HelperTool */ = {isa = PBXFileReference; explicitFileType = "compiled.mach-o.executable"; includeInIndex = 0; path = io.omniedge.mac.Omniedge.HelperTool; sourceTree = BUILT_PRODUCTS_DIR; };
		0B7575BA25B44FF900601DC7 /* main.swift */ = {isa = PBXFileReference; lastKnownFileType = sourcecode.swift; path = main.swift; sourceTree = "<group>"; };
		0B7575C125B4507100601DC7 /* HelperTool-Info.plist */ = {isa = PBXFileReference; lastKnownFileType = text.plist.xml; path = "HelperTool-Info.plist"; sourceTree = "<group>"; };
		0B7575C225B4508C00601DC7 /* Launchd.plist */ = {isa = PBXFileReference; lastKnownFileType = text.plist.xml; path = Launchd.plist; sourceTree = "<group>"; };
		0B9B781E25B4547A00BB415D /* uninstall.sh */ = {isa = PBXFileReference; lastKnownFileType = text.script.sh; path = uninstall.sh; sourceTree = "<group>"; };
		0B9B784525B4609C00BB415D /* SMJobBlessUtil.py */ = {isa = PBXFileReference; fileEncoding = 4; lastKnownFileType = text.script.python; path = SMJobBlessUtil.py; sourceTree = "<group>"; };
		0B9B787825B4717000BB415D /* Constants.swift */ = {isa = PBXFileReference; fileEncoding = 4; lastKnownFileType = sourcecode.swift; path = Constants.swift; sourceTree = "<group>"; };
		0B9B787925B4717000BB415D /* Protocols.swift */ = {isa = PBXFileReference; fileEncoding = 4; lastKnownFileType = sourcecode.swift; path = Protocols.swift; sourceTree = "<group>"; };
		0B9B788825B4720400BB415D /* XPCClient.swift */ = {isa = PBXFileReference; fileEncoding = 4; lastKnownFileType = sourcecode.swift; path = XPCClient.swift; sourceTree = "<group>"; };
		0B9B789225B4746F00BB415D /* XPCServer.swift */ = {isa = PBXFileReference; lastKnownFileType = sourcecode.swift; path = XPCServer.swift; sourceTree = "<group>"; };
		0B9B789625B4773A00BB415D /* HelperTool.swift */ = {isa = PBXFileReference; lastKnownFileType = sourcecode.swift; path = HelperTool.swift; sourceTree = "<group>"; };
		0B9B789A25B4792900BB415D /* Util.swift */ = {isa = PBXFileReference; lastKnownFileType = sourcecode.swift; path = Util.swift; sourceTree = "<group>"; };
		0BBF0F7F25AB52FC001E9B2C /* Omniedge.app */ = {isa = PBXFileReference; explicitFileType = wrapper.application; includeInIndex = 0; path = Omniedge.app; sourceTree = BUILT_PRODUCTS_DIR; };
		0BBF0F8225AB52FC001E9B2C /* AppDelegate.swift */ = {isa = PBXFileReference; lastKnownFileType = sourcecode.swift; path = AppDelegate.swift; sourceTree = "<group>"; };
		0BBF0F8625AB52FD001E9B2C /* Assets.xcassets */ = {isa = PBXFileReference; lastKnownFileType = folder.assetcatalog; path = Assets.xcassets; sourceTree = "<group>"; };
		0BBF0F8925AB52FD001E9B2C /* Base */ = {isa = PBXFileReference; lastKnownFileType = file.storyboard; name = Base; path = Base.lproj/Main.storyboard; sourceTree = "<group>"; };
		0BBF0F8B25AB52FD001E9B2C /* Info.plist */ = {isa = PBXFileReference; lastKnownFileType = text.plist.xml; path = Info.plist; sourceTree = "<group>"; };
		0BBF0F8C25AB52FD001E9B2C /* Omniedge.entitlements */ = {isa = PBXFileReference; lastKnownFileType = text.plist.entitlements; path = Omniedge.entitlements; sourceTree = "<group>"; };
		0BBF0FAB25AB5F26001E9B2C /* StatusBarView.swift */ = {isa = PBXFileReference; lastKnownFileType = sourcecode.swift; path = StatusBarView.swift; sourceTree = "<group>"; };
/* End PBXFileReference section */

/* Begin PBXFrameworksBuildPhase section */
		0B7575B525B44FF900601DC7 /* Frameworks */ = {
			isa = PBXFrameworksBuildPhase;
			buildActionMask = 2147483647;
			files = (
			);
			runOnlyForDeploymentPostprocessing = 0;
		};
		0BBF0F7C25AB52FC001E9B2C /* Frameworks */ = {
			isa = PBXFrameworksBuildPhase;
			buildActionMask = 2147483647;
			files = (
			);
			runOnlyForDeploymentPostprocessing = 0;
		};
/* End PBXFrameworksBuildPhase section */

/* Begin PBXGroup section */
		0B7575B925B44FF900601DC7 /* HelperTool */ = {
			isa = PBXGroup;
			children = (
				0B7575BA25B44FF900601DC7 /* main.swift */,
				0B7575C125B4507100601DC7 /* HelperTool-Info.plist */,
				0B7575C225B4508C00601DC7 /* Launchd.plist */,
				0B9B789225B4746F00BB415D /* XPCServer.swift */,
				0B9B789625B4773A00BB415D /* HelperTool.swift */,
			);
			path = HelperTool;
			sourceTree = "<group>";
		};
		0B9B787725B4717000BB415D /* Common */ = {
			isa = PBXGroup;
			children = (
				0B9B787825B4717000BB415D /* Constants.swift */,
				0B9B787925B4717000BB415D /* Protocols.swift */,
			);
			path = Common;
			sourceTree = "<group>";
		};
		0BBF0F7625AB52FC001E9B2C = {
			isa = PBXGroup;
			children = (
				0BBF0F8125AB52FC001E9B2C /* Omniedge */,
				0B7575B925B44FF900601DC7 /* HelperTool */,
				0B9B787725B4717000BB415D /* Common */,
				0BBF0F8025AB52FC001E9B2C /* Products */,
				0B9B781E25B4547A00BB415D /* uninstall.sh */,
				0B9B784525B4609C00BB415D /* SMJobBlessUtil.py */,
			);
			sourceTree = "<group>";
		};
		0BBF0F8025AB52FC001E9B2C /* Products */ = {
			isa = PBXGroup;
			children = (
				0BBF0F7F25AB52FC001E9B2C /* Omniedge.app */,
				0B7575B825B44FF900601DC7 /* io.omniedge.mac.Omniedge.HelperTool */,
			);
			name = Products;
			sourceTree = "<group>";
		};
		0BBF0F8125AB52FC001E9B2C /* Omniedge */ = {
			isa = PBXGroup;
			children = (
				0BBF0F9825AB580D001E9B2C /* Support */,
				0BBF0F8225AB52FC001E9B2C /* AppDelegate.swift */,
				0B9B788825B4720400BB415D /* XPCClient.swift */,
				0BBF0FAB25AB5F26001E9B2C /* StatusBarView.swift */,
				0B9B789A25B4792900BB415D /* Util.swift */,
			);
			path = Omniedge;
			sourceTree = "<group>";
		};
		0BBF0F9825AB580D001E9B2C /* Support */ = {
			isa = PBXGroup;
			children = (
				0BBF0F8825AB52FD001E9B2C /* Main.storyboard */,
				0BBF0F8625AB52FD001E9B2C /* Assets.xcassets */,
				0BBF0F8B25AB52FD001E9B2C /* Info.plist */,
				0BBF0F8C25AB52FD001E9B2C /* Omniedge.entitlements */,
			);
			name = Support;
			sourceTree = "<group>";
		};
/* End PBXGroup section */

/* Begin PBXNativeTarget section */
		0B7575B725B44FF900601DC7 /* HelperTool */ = {
			isa = PBXNativeTarget;
			buildConfigurationList = 0B7575BC25B44FF900601DC7 /* Build configuration list for PBXNativeTarget "HelperTool" */;
			buildPhases = (
				0B7575B425B44FF900601DC7 /* Sources */,
				0B7575B525B44FF900601DC7 /* Frameworks */,
				0B7575B625B44FF900601DC7 /* CopyFiles */,
			);
			buildRules = (
			);
			dependencies = (
			);
			name = HelperTool;
			productName = HelperTool;
			productReference = 0B7575B825B44FF900601DC7 /* io.omniedge.mac.Omniedge.HelperTool */;
			productType = "com.apple.product-type.tool";
		};
		0BBF0F7E25AB52FC001E9B2C /* Omniedge */ = {
			isa = PBXNativeTarget;
			buildConfigurationList = 0BBF0F8F25AB52FD001E9B2C /* Build configuration list for PBXNativeTarget "Omniedge" */;
			buildPhases = (
				0BBF0F7B25AB52FC001E9B2C /* Sources */,
				0BBF0F7C25AB52FC001E9B2C /* Frameworks */,
				0BBF0F7D25AB52FC001E9B2C /* Resources */,
				0B7575C525B4517B00601DC7 /* CopyFiles */,
			);
			buildRules = (
			);
			dependencies = (
			);
			name = Omniedge;
			productName = Omniedge;
			productReference = 0BBF0F7F25AB52FC001E9B2C /* Omniedge.app */;
			productType = "com.apple.product-type.application";
		};
/* End PBXNativeTarget section */

/* Begin PBXProject section */
		0BBF0F7725AB52FC001E9B2C /* Project object */ = {
			isa = PBXProject;
			attributes = {
				LastSwiftUpdateCheck = 1230;
				LastUpgradeCheck = 1230;
				TargetAttributes = {
					0B7575B725B44FF900601DC7 = {
						CreatedOnToolsVersion = 12.3;
					};
					0BBF0F7E25AB52FC001E9B2C = {
						CreatedOnToolsVersion = 12.3;
					};
				};
			};
			buildConfigurationList = 0BBF0F7A25AB52FC001E9B2C /* Build configuration list for PBXProject "Omniedge" */;
			compatibilityVersion = "Xcode 9.3";
			developmentRegion = en;
			hasScannedForEncodings = 0;
			knownRegions = (
				en,
				Base,
			);
			mainGroup = 0BBF0F7625AB52FC001E9B2C;
			productRefGroup = 0BBF0F8025AB52FC001E9B2C /* Products */;
			projectDirPath = "";
			projectRoot = "";
			targets = (
				0BBF0F7E25AB52FC001E9B2C /* Omniedge */,
				0B7575B725B44FF900601DC7 /* HelperTool */,
			);
		};
/* End PBXProject section */

/* Begin PBXResourcesBuildPhase section */
		0BBF0F7D25AB52FC001E9B2C /* Resources */ = {
			isa = PBXResourcesBuildPhase;
			buildActionMask = 2147483647;
			files = (
				0BBF0F8725AB52FD001E9B2C /* Assets.xcassets in Resources */,
				0BBF0F8A25AB52FD001E9B2C /* Main.storyboard in Resources */,
			);
			runOnlyForDeploymentPostprocessing = 0;
		};
/* End PBXResourcesBuildPhase section */

/* Begin PBXSourcesBuildPhase section */
		0B7575B425B44FF900601DC7 /* Sources */ = {
			isa = PBXSourcesBuildPhase;
			buildActionMask = 2147483647;
			files = (
				0B9B789325B4746F00BB415D /* XPCServer.swift in Sources */,
				0B9B789725B4773A00BB415D /* HelperTool.swift in Sources */,
				0B9B788025B4718200BB415D /* Constants.swift in Sources */,
				0B9B788125B4718200BB415D /* Protocols.swift in Sources */,
				0B7575BB25B44FF900601DC7 /* main.swift in Sources */,
			);
			runOnlyForDeploymentPostprocessing = 0;
		};
		0BBF0F7B25AB52FC001E9B2C /* Sources */ = {
			isa = PBXSourcesBuildPhase;
			buildActionMask = 2147483647;
			files = (
				0BBF0F8325AB52FC001E9B2C /* AppDelegate.swift in Sources */,
				0B9B789B25B4792900BB415D /* Util.swift in Sources */,
				0B9B788925B4720400BB415D /* XPCClient.swift in Sources */,
				0BBF0FAC25AB5F26001E9B2C /* StatusBarView.swift in Sources */,
				0B9B787A25B4717000BB415D /* Constants.swift in Sources */,
				0B9B787B25B4717000BB415D /* Protocols.swift in Sources */,
			);
			runOnlyForDeploymentPostprocessing = 0;
		};
/* End PBXSourcesBuildPhase section */

/* Begin PBXVariantGroup section */
		0BBF0F8825AB52FD001E9B2C /* Main.storyboard */ = {
			isa = PBXVariantGroup;
			children = (
				0BBF0F8925AB52FD001E9B2C /* Base */,
			);
			name = Main.storyboard;
			sourceTree = "<group>";
		};
/* End PBXVariantGroup section */

/* Begin XCBuildConfiguration section */
		0B7575BD25B44FF900601DC7 /* Debug */ = {
			isa = XCBuildConfiguration;
			buildSettings = {
				CODE_SIGN_STYLE = Automatic;
				DEVELOPMENT_TEAM = 3EC9QNH85N;
				ENABLE_HARDENED_RUNTIME = YES;
				INFOPLIST_FILE = "$(SRCROOT)/HelperTool/HelperTool-Info.plist";
				MACOSX_DEPLOYMENT_TARGET = 10.15;
				OTHER_LDFLAGS = (
					"-sectcreate",
					__TEXT,
					__launchd_plist,
					HelperTool/Launchd.plist,
					"-sectcreate",
					__TEXT,
					__info_plist,
					"HelperTool/HelperTool-Info.plist",
				);
				PRODUCT_BUNDLE_IDENTIFIER = io.omniedge.mac.Omniedge.HelperTool;
				PRODUCT_NAME = io.omniedge.mac.Omniedge.HelperTool;
				SWIFT_VERSION = 5.0;
			};
			name = Debug;
		};
		0B7575BE25B44FF900601DC7 /* Release */ = {
			isa = XCBuildConfiguration;
			buildSettings = {
				CODE_SIGN_STYLE = Automatic;
				DEVELOPMENT_TEAM = 3EC9QNH85N;
				ENABLE_HARDENED_RUNTIME = YES;
				INFOPLIST_FILE = "$(SRCROOT)/HelperTool/HelperTool-Info.plist";
				MACOSX_DEPLOYMENT_TARGET = 10.15;
				OTHER_LDFLAGS = (
					"-sectcreate",
					__TEXT,
					__launchd_plist,
					HelperTool/Launchd.plist,
					"-sectcreate",
					__TEXT,
					__info_plist,
					"HelperTool/HelperTool-Info.plist",
				);
				PRODUCT_BUNDLE_IDENTIFIER = io.omniedge.mac.Omniedge.HelperTool;
				PRODUCT_NAME = io.omniedge.mac.Omniedge.HelperTool;
				SWIFT_VERSION = 5.0;
			};
			name = Release;
		};
		0BBF0F8D25AB52FD001E9B2C /* Debug */ = {
			isa = XCBuildConfiguration;
			buildSettings = {
				ALWAYS_SEARCH_USER_PATHS = NO;
				CLANG_ANALYZER_NONNULL = YES;
				CLANG_ANALYZER_NUMBER_OBJECT_CONVERSION = YES_AGGRESSIVE;
				CLANG_CXX_LANGUAGE_STANDARD = "gnu++14";
				CLANG_CXX_LIBRARY = "libc++";
				CLANG_ENABLE_MODULES = YES;
				CLANG_ENABLE_OBJC_ARC = YES;
				CLANG_ENABLE_OBJC_WEAK = YES;
				CLANG_WARN_BLOCK_CAPTURE_AUTORELEASING = YES;
				CLANG_WARN_BOOL_CONVERSION = YES;
				CLANG_WARN_COMMA = YES;
				CLANG_WARN_CONSTANT_CONVERSION = YES;
				CLANG_WARN_DEPRECATED_OBJC_IMPLEMENTATIONS = YES;
				CLANG_WARN_DIRECT_OBJC_ISA_USAGE = YES_ERROR;
				CLANG_WARN_DOCUMENTATION_COMMENTS = YES;
				CLANG_WARN_EMPTY_BODY = YES;
				CLANG_WARN_ENUM_CONVERSION = YES;
				CLANG_WARN_INFINITE_RECURSION = YES;
				CLANG_WARN_INT_CONVERSION = YES;
				CLANG_WARN_NON_LITERAL_NULL_CONVERSION = YES;
				CLANG_WARN_OBJC_IMPLICIT_RETAIN_SELF = YES;
				CLANG_WARN_OBJC_LITERAL_CONVERSION = YES;
				CLANG_WARN_OBJC_ROOT_CLASS = YES_ERROR;
				CLANG_WARN_QUOTED_INCLUDE_IN_FRAMEWORK_HEADER = YES;
				CLANG_WARN_RANGE_LOOP_ANALYSIS = YES;
				CLANG_WARN_STRICT_PROTOTYPES = YES;
				CLANG_WARN_SUSPICIOUS_MOVE = YES;
				CLANG_WARN_UNGUARDED_AVAILABILITY = YES_AGGRESSIVE;
				CLANG_WARN_UNREACHABLE_CODE = YES;
				CLANG_WARN__DUPLICATE_METHOD_MATCH = YES;
				COPY_PHASE_STRIP = NO;
				DEBUG_INFORMATION_FORMAT = dwarf;
				ENABLE_STRICT_OBJC_MSGSEND = YES;
				ENABLE_TESTABILITY = YES;
				GCC_C_LANGUAGE_STANDARD = gnu11;
				GCC_DYNAMIC_NO_PIC = NO;
				GCC_NO_COMMON_BLOCKS = YES;
				GCC_OPTIMIZATION_LEVEL = 0;
				GCC_PREPROCESSOR_DEFINITIONS = (
					"DEBUG=1",
					"$(inherited)",
				);
				GCC_WARN_64_TO_32_BIT_CONVERSION = YES;
				GCC_WARN_ABOUT_RETURN_TYPE = YES_ERROR;
				GCC_WARN_UNDECLARED_SELECTOR = YES;
				GCC_WARN_UNINITIALIZED_AUTOS = YES_AGGRESSIVE;
				GCC_WARN_UNUSED_FUNCTION = YES;
				GCC_WARN_UNUSED_VARIABLE = YES;
				MACOSX_DEPLOYMENT_TARGET = 10.15;
				MTL_ENABLE_DEBUG_INFO = INCLUDE_SOURCE;
				MTL_FAST_MATH = YES;
				ONLY_ACTIVE_ARCH = YES;
				SDKROOT = macosx;
				SWIFT_ACTIVE_COMPILATION_CONDITIONS = DEBUG;
				SWIFT_OPTIMIZATION_LEVEL = "-Onone";
			};
			name = Debug;
		};
		0BBF0F8E25AB52FD001E9B2C /* Release */ = {
			isa = XCBuildConfiguration;
			buildSettings = {
				ALWAYS_SEARCH_USER_PATHS = NO;
				CLANG_ANALYZER_NONNULL = YES;
				CLANG_ANALYZER_NUMBER_OBJECT_CONVERSION = YES_AGGRESSIVE;
				CLANG_CXX_LANGUAGE_STANDARD = "gnu++14";
				CLANG_CXX_LIBRARY = "libc++";
				CLANG_ENABLE_MODULES = YES;
				CLANG_ENABLE_OBJC_ARC = YES;
				CLANG_ENABLE_OBJC_WEAK = YES;
				CLANG_WARN_BLOCK_CAPTURE_AUTORELEASING = YES;
				CLANG_WARN_BOOL_CONVERSION = YES;
				CLANG_WARN_COMMA = YES;
				CLANG_WARN_CONSTANT_CONVERSION = YES;
				CLANG_WARN_DEPRECATED_OBJC_IMPLEMENTATIONS = YES;
				CLANG_WARN_DIRECT_OBJC_ISA_USAGE = YES_ERROR;
				CLANG_WARN_DOCUMENTATION_COMMENTS = YES;
				CLANG_WARN_EMPTY_BODY = YES;
				CLANG_WARN_ENUM_CONVERSION = YES;
				CLANG_WARN_INFINITE_RECURSION = YES;
				CLANG_WARN_INT_CONVERSION = YES;
				CLANG_WARN_NON_LITERAL_NULL_CONVERSION = YES;
				CLANG_WARN_OBJC_IMPLICIT_RETAIN_SELF = YES;
				CLANG_WARN_OBJC_LITERAL_CONVERSION = YES;
				CLANG_WARN_OBJC_ROOT_CLASS = YES_ERROR;
				CLANG_WARN_QUOTED_INCLUDE_IN_FRAMEWORK_HEADER = YES;
				CLANG_WARN_RANGE_LOOP_ANALYSIS = YES;
				CLANG_WARN_STRICT_PROTOTYPES = YES;
				CLANG_WARN_SUSPICIOUS_MOVE = YES;
				CLANG_WARN_UNGUARDED_AVAILABILITY = YES_AGGRESSIVE;
				CLANG_WARN_UNREACHABLE_CODE = YES;
				CLANG_WARN__DUPLICATE_METHOD_MATCH = YES;
				COPY_PHASE_STRIP = NO;
				DEBUG_INFORMATION_FORMAT = "dwarf-with-dsym";
				ENABLE_NS_ASSERTIONS = NO;
				ENABLE_STRICT_OBJC_MSGSEND = YES;
				GCC_C_LANGUAGE_STANDARD = gnu11;
				GCC_NO_COMMON_BLOCKS = YES;
				GCC_WARN_64_TO_32_BIT_CONVERSION = YES;
				GCC_WARN_ABOUT_RETURN_TYPE = YES_ERROR;
				GCC_WARN_UNDECLARED_SELECTOR = YES;
				GCC_WARN_UNINITIALIZED_AUTOS = YES_AGGRESSIVE;
				GCC_WARN_UNUSED_FUNCTION = YES;
				GCC_WARN_UNUSED_VARIABLE = YES;
				MACOSX_DEPLOYMENT_TARGET = 10.15;
				MTL_ENABLE_DEBUG_INFO = NO;
				MTL_FAST_MATH = YES;
				SDKROOT = macosx;
				SWIFT_COMPILATION_MODE = wholemodule;
				SWIFT_OPTIMIZATION_LEVEL = "-O";
			};
			name = Release;
		};
		0BBF0F9025AB52FD001E9B2C /* Debug */ = {
			isa = XCBuildConfiguration;
			buildSettings = {
				ASSETCATALOG_COMPILER_APPICON_NAME = AppIcon;
				ASSETCATALOG_COMPILER_GLOBAL_ACCENT_COLOR_NAME = AccentColor;
				CODE_SIGN_ENTITLEMENTS = Omniedge/Omniedge.entitlements;
				CODE_SIGN_STYLE = Automatic;
				COMBINE_HIDPI_IMAGES = YES;
				DEVELOPMENT_TEAM = 3EC9QNH85N;
				ENABLE_HARDENED_RUNTIME = YES;
				INFOPLIST_FILE = Omniedge/Info.plist;
				LD_RUNPATH_SEARCH_PATHS = (
					"$(inherited)",
					"@executable_path/../Frameworks",
				);
				PRODUCT_BUNDLE_IDENTIFIER = io.omniedge.mac.Omniedge;
				PRODUCT_NAME = "$(TARGET_NAME)";
				SWIFT_VERSION = 5.0;
			};
			name = Debug;
		};
		0BBF0F9125AB52FD001E9B2C /* Release */ = {
			isa = XCBuildConfiguration;
			buildSettings = {
				ASSETCATALOG_COMPILER_APPICON_NAME = AppIcon;
				ASSETCATALOG_COMPILER_GLOBAL_ACCENT_COLOR_NAME = AccentColor;
				CODE_SIGN_ENTITLEMENTS = Omniedge/Omniedge.entitlements;
				CODE_SIGN_STYLE = Automatic;
				COMBINE_HIDPI_IMAGES = YES;
				DEVELOPMENT_TEAM = 3EC9QNH85N;
				ENABLE_HARDENED_RUNTIME = YES;
				INFOPLIST_FILE = Omniedge/Info.plist;
				LD_RUNPATH_SEARCH_PATHS = (
					"$(inherited)",
					"@executable_path/../Frameworks",
				);
				PRODUCT_BUNDLE_IDENTIFIER = io.omniedge.mac.Omniedge;
				PRODUCT_NAME = "$(TARGET_NAME)";
				SWIFT_VERSION = 5.0;
			};
			name = Release;
		};
/* End XCBuildConfiguration section */

/* Begin XCConfigurationList section */
		0B7575BC25B44FF900601DC7 /* Build configuration list for PBXNativeTarget "HelperTool" */ = {
			isa = XCConfigurationList;
			buildConfigurations = (
				0B7575BD25B44FF900601DC7 /* Debug */,
				0B7575BE25B44FF900601DC7 /* Release */,
			);
			defaultConfigurationIsVisible = 0;
			defaultConfigurationName = Release;
		};
		0BBF0F7A25AB52FC001E9B2C /* Build configuration list for PBXProject "Omniedge" */ = {
			isa = XCConfigurationList;
			buildConfigurations = (
				0BBF0F8D25AB52FD001E9B2C /* Debug */,
				0BBF0F8E25AB52FD001E9B2C /* Release */,
			);
			defaultConfigurationIsVisible = 0;
			defaultConfigurationName = Release;
		};
		0BBF0F8F25AB52FD001E9B2C /* Build configuration list for PBXNativeTarget "Omniedge" */ = {
			isa = XCConfigurationList;
			buildConfigurations = (
				0BBF0F9025AB52FD001E9B2C /* Debug */,
				0BBF0F9125AB52FD001E9B2C /* Release */,
			);
			defaultConfigurationIsVisible = 0;
			defaultConfigurationName = Release;
		};
/* End XCConfigurationList section */
	};
	rootObject = 0BBF0F7725AB52FC001E9B2C /* Project object */;
}
