// !$*UTF8*$!
{
	archiveVersion = 1;
	classes = {
	};
	objectVersion = 52;
	objects = {

/* Begin PBXBuildFile section */
		0B22165325CC448B00387622 /* Extensions.swift in Sources */ = {isa = PBXBuildFile; fileRef = 0B22165225CC448B00387622 /* Extensions.swift */; };
		0B22165425CC448B00387622 /* Extensions.swift in Sources */ = {isa = PBXBuildFile; fileRef = 0B22165225CC448B00387622 /* Extensions.swift */; };
		0B361064260E300100CFDEEB /* BugsnagReportApplication.swift in Sources */ = {isa = PBXBuildFile; fileRef = 0B361063260E300100CFDEEB /* BugsnagReportApplication.swift */; };
		0B3D99DC25DA953400344C07 /* n2nMacOS in Frameworks */ = {isa = PBXBuildFile; productRef = 0B3D99DB25DA953400344C07 /* n2nMacOS */; };
		0B3D99DF25DA953B00344C07 /* n2nMacOS in Frameworks */ = {isa = PBXBuildFile; productRef = 0B3D99DE25DA953B00344C07 /* n2nMacOS */; };
		0B5A05BC25DB6A5B000BFD54 /* OGSwitch.framework.dSYM in Embed Frameworks */ = {isa = PBXBuildFile; fileRef = 0B5A05BA25DB6A5B000BFD54 /* OGSwitch.framework.dSYM */; };
		0B5A05BD25DB6A5B000BFD54 /* OAuth2.framework.dSYM in Embed Frameworks */ = {isa = PBXBuildFile; fileRef = 0B5A05BB25DB6A5B000BFD54 /* OAuth2.framework.dSYM */; };
		0B5A05C025DB6A6C000BFD54 /* Sparkle.framework.dSYM in Embed Frameworks */ = {isa = PBXBuildFile; fileRef = 0B5A05BF25DB6A6C000BFD54 /* Sparkle.framework.dSYM */; };
		0B6EF53326039E6B00545C83 /* GCDWebServers.framework.dSYM in Embed Frameworks */ = {isa = PBXBuildFile; fileRef = 0B6EF53226039E6B00545C83 /* GCDWebServers.framework.dSYM */; };
		0B734E0F25BD3C1F0048FC0D /* Cartfile in Resources */ = {isa = PBXBuildFile; fileRef = 0B734E0E25BD3C1F0048FC0D /* Cartfile */; };
		0B734E3925BD5D550048FC0D /* .gitignore in Resources */ = {isa = PBXBuildFile; fileRef = 0B734E3825BD5D550048FC0D /* .gitignore */; };
		0B734E6E25BD75810048FC0D /* appdmg.json in Resources */ = {isa = PBXBuildFile; fileRef = 0B734E6D25BD75810048FC0D /* appdmg.json */; };
		0B7575BB25B44FF900601DC7 /* main.swift in Sources */ = {isa = PBXBuildFile; fileRef = 0B7575BA25B44FF900601DC7 /* main.swift */; };
		0B7575C625B4518000601DC7 /* io.omniedge.mac.Omniedge.HelperTool in CopyFiles */ = {isa = PBXBuildFile; fileRef = 0B7575B825B44FF900601DC7 /* io.omniedge.mac.Omniedge.HelperTool */; settings = {ATTRIBUTES = (CodeSignOnCopy, ); }; };
		0B9B787A25B4717000BB415D /* Constants.swift in Sources */ = {isa = PBXBuildFile; fileRef = 0B9B787825B4717000BB415D /* Constants.swift */; };
		0B9B787B25B4717000BB415D /* Protocols.swift in Sources */ = {isa = PBXBuildFile; fileRef = 0B9B787925B4717000BB415D /* Protocols.swift */; };
		0B9B788025B4718200BB415D /* Constants.swift in Sources */ = {isa = PBXBuildFile; fileRef = 0B9B787825B4717000BB415D /* Constants.swift */; };
		0B9B788125B4718200BB415D /* Protocols.swift in Sources */ = {isa = PBXBuildFile; fileRef = 0B9B787925B4717000BB415D /* Protocols.swift */; };
		0B9B789325B4746F00BB415D /* XPCServer.swift in Sources */ = {isa = PBXBuildFile; fileRef = 0B9B789225B4746F00BB415D /* XPCServer.swift */; };
		0B9B789725B4773A00BB415D /* HelperTool.swift in Sources */ = {isa = PBXBuildFile; fileRef = 0B9B789625B4773A00BB415D /* HelperTool.swift */; };
		0BA4E57C25F14062005AF9BF /* success.html in Resources */ = {isa = PBXBuildFile; fileRef = 0BA4E57B25F14062005AF9BF /* success.html */; };
		0BBF0F8325AB52FC001E9B2C /* AppDelegate.swift in Sources */ = {isa = PBXBuildFile; fileRef = 0BBF0F8225AB52FC001E9B2C /* AppDelegate.swift */; };
		0BBF0F8725AB52FD001E9B2C /* Assets.xcassets in Resources */ = {isa = PBXBuildFile; fileRef = 0BBF0F8625AB52FD001E9B2C /* Assets.xcassets */; };
		0BBF0F8A25AB52FD001E9B2C /* Main.storyboard in Resources */ = {isa = PBXBuildFile; fileRef = 0BBF0F8825AB52FD001E9B2C /* Main.storyboard */; };
		0BD772F825E26F7A0001282C /* SwiftyPing in Frameworks */ = {isa = PBXBuildFile; productRef = 0BD772F725E26F7A0001282C /* SwiftyPing */; };
		246A216B28A6700C000FE8CD /* OmError.swift in Sources */ = {isa = PBXBuildFile; fileRef = 246A216A28A6700C000FE8CD /* OmError.swift */; };
		246A216C28A6700C000FE8CD /* OmError.swift in Sources */ = {isa = PBXBuildFile; fileRef = 246A216A28A6700C000FE8CD /* OmError.swift */; };
		246A216E28A68335000FE8CD /* String+Omni.swift in Sources */ = {isa = PBXBuildFile; fileRef = 246A216D28A68335000FE8CD /* String+Omni.swift */; };
		246A216F28A68335000FE8CD /* String+Omni.swift in Sources */ = {isa = PBXBuildFile; fileRef = 246A216D28A68335000FE8CD /* String+Omni.swift */; };
		24D360C92855FC9500284253 /* SMJobBlessReadMe.txt in Resources */ = {isa = PBXBuildFile; fileRef = 24D360C82855FC9500284253 /* SMJobBlessReadMe.txt */; };
		24F18D3F288BEFF1006D4CDC /* CacheService.swift in Sources */ = {isa = PBXBuildFile; fileRef = 24F18D3E288BEFF1006D4CDC /* CacheService.swift */; };
		24F18D40288D82A9006D4CDC /* DeviceModel.swift in Sources */ = {isa = PBXBuildFile; fileRef = 4CA1C68F283A5C8600A9E723 /* DeviceModel.swift */; };
		4C2DF5B9284A2A1F00456AB3 /* DeviceRegisterModel.swift in Sources */ = {isa = PBXBuildFile; fileRef = 4C2DF5B8284A2A1F00456AB3 /* DeviceRegisterModel.swift */; };
		4C2DF5BD284B8D4E00456AB3 /* JoinDeviceModel.swift in Sources */ = {isa = PBXBuildFile; fileRef = 4C2DF5BC284B8D4E00456AB3 /* JoinDeviceModel.swift */; };
		4C2E5E9F28858C42007092C9 /* Data+Omni.swift in Sources */ = {isa = PBXBuildFile; fileRef = 4C2E5E9E28858C42007092C9 /* Data+Omni.swift */; };
		4C2E5EA12886C621007092C9 /* DetailMenuItem.swift in Sources */ = {isa = PBXBuildFile; fileRef = 4C2E5EA02886C621007092C9 /* DetailMenuItem.swift */; };
		4C2E5EA32886C6F4007092C9 /* ContentMenuItem.swift in Sources */ = {isa = PBXBuildFile; fileRef = 4C2E5EA22886C6F4007092C9 /* ContentMenuItem.swift */; };
		4C2E5EA52886CF2A007092C9 /* NetworkItemView.swift in Sources */ = {isa = PBXBuildFile; fileRef = 4C2E5EA42886CF2A007092C9 /* NetworkItemView.swift */; };
		4C2E5EA72886CF78007092C9 /* BaseView.swift in Sources */ = {isa = PBXBuildFile; fileRef = 4C2E5EA62886CF78007092C9 /* BaseView.swift */; };
		4C2E5EAB2886DFBC007092C9 /* OmniButtonCell.swift in Sources */ = {isa = PBXBuildFile; fileRef = 4C2E5EAA2886DFBB007092C9 /* OmniButtonCell.swift */; };
		4C8079F928882C930060D73D /* Utils.swift in Sources */ = {isa = PBXBuildFile; fileRef = 4CA8045628820B03005C7B53 /* Utils.swift */; };
		4C8079FA288835B50060D73D /* JoinDeviceModel.swift in Sources */ = {isa = PBXBuildFile; fileRef = 4C2DF5BC284B8D4E00456AB3 /* JoinDeviceModel.swift */; };
		4C8079FC28883F780060D73D /* NetworkItemDetailView.swift in Sources */ = {isa = PBXBuildFile; fileRef = 4C8079FB28883F780060D73D /* NetworkItemDetailView.swift */; };
		4CA1C690283A5C8600A9E723 /* DeviceModel.swift in Sources */ = {isa = PBXBuildFile; fileRef = 4CA1C68F283A5C8600A9E723 /* DeviceModel.swift */; };
		4CA8044228818B4B005C7B53 /* HttpService.swift in Sources */ = {isa = PBXBuildFile; fileRef = 4CA8044128818B4B005C7B53 /* HttpService.swift */; };
		4CA8044428818B57005C7B53 /* OmniService.swift in Sources */ = {isa = PBXBuildFile; fileRef = 4CA8044328818B57005C7B53 /* OmniService.swift */; };
		4CA8044628818B97005C7B53 /* XPCService.swift in Sources */ = {isa = PBXBuildFile; fileRef = 4CA8044528818B97005C7B53 /* XPCService.swift */; };
		4CA8044E28818D0E005C7B53 /* OmniMainMenu.swift in Sources */ = {isa = PBXBuildFile; fileRef = 4CA8044D28818D0E005C7B53 /* OmniMainMenu.swift */; };
		4CA8045028818F24005C7B53 /* OmniMenuItem.swift in Sources */ = {isa = PBXBuildFile; fileRef = 4CA8044F28818F24005C7B53 /* OmniMenuItem.swift */; };
		4CA8045728820B03005C7B53 /* Utils.swift in Sources */ = {isa = PBXBuildFile; fileRef = 4CA8045628820B03005C7B53 /* Utils.swift */; };
		4CA8045A28821074005C7B53 /* OmniLabel.swift in Sources */ = {isa = PBXBuildFile; fileRef = 4CA8045928821074005C7B53 /* OmniLabel.swift */; };
		4CA804CB2882A2E5005C7B53 /* NetworkMenuItem.swift in Sources */ = {isa = PBXBuildFile; fileRef = 4CA804CA2882A2E5005C7B53 /* NetworkMenuItem.swift */; };
		4CBE61012882B9BA00B464DD /* AuthService.swift in Sources */ = {isa = PBXBuildFile; fileRef = 4CBE61002882B9BA00B464DD /* AuthService.swift */; };
		4CBE61032882B9E100B464DD /* LocatorService.swift in Sources */ = {isa = PBXBuildFile; fileRef = 4CBE61022882B9E100B464DD /* LocatorService.swift */; };
		4CBE61052882BB3100B464DD /* IService.swift in Sources */ = {isa = PBXBuildFile; fileRef = 4CBE61042882BB3100B464DD /* IService.swift */; };
		4CBE610E2882D18900B464DD /* Response.swift in Sources */ = {isa = PBXBuildFile; fileRef = 4CBE610D2882D18900B464DD /* Response.swift */; };
		4CBE61102882D40500B464DD /* AuthModel.swift in Sources */ = {isa = PBXBuildFile; fileRef = 4CBE610F2882D40500B464DD /* AuthModel.swift */; };
		4CBE61142882D94900B464DD /* BaseService.swift in Sources */ = {isa = PBXBuildFile; fileRef = 4CBE61132882D94900B464DD /* BaseService.swift */; };
		4CBE61162882E6E600B464DD /* AppService.swift in Sources */ = {isa = PBXBuildFile; fileRef = 4CBE61152882E6E600B464DD /* AppService.swift */; };
		4CBE61182882E91F00B464DD /* VirtualNetworkService.swift in Sources */ = {isa = PBXBuildFile; fileRef = 4CBE61172882E91F00B464DD /* VirtualNetworkService.swift */; };
		4CE405E228375CFC0045D5C4 /* UserModel.swift in Sources */ = {isa = PBXBuildFile; fileRef = 4CE405E128375CFC0045D5C4 /* UserModel.swift */; };
		4CE405E428375E4C0045D5C4 /* ServerModel.swift in Sources */ = {isa = PBXBuildFile; fileRef = 4CE405E328375E4C0045D5C4 /* ServerModel.swift */; };
		4CE405E628375ECD0045D5C4 /* VirtualNetworkModel.swift in Sources */ = {isa = PBXBuildFile; fileRef = 4CE405E528375ECD0045D5C4 /* VirtualNetworkModel.swift */; };
		EE4EC14827D394A30085210F /* GCDWebServers.xcframework in Frameworks */ = {isa = PBXBuildFile; fileRef = EE4EC14727D394A30085210F /* GCDWebServers.xcframework */; };
		EE4EC14927D394A30085210F /* GCDWebServers.xcframework in Embed Frameworks */ = {isa = PBXBuildFile; fileRef = EE4EC14727D394A30085210F /* GCDWebServers.xcframework */; settings = {ATTRIBUTES = (CodeSignOnCopy, RemoveHeadersOnCopy, ); }; };
		EE4EC14B27D394A70085210F /* OAuth2.xcframework in Frameworks */ = {isa = PBXBuildFile; fileRef = EE4EC14A27D394A70085210F /* OAuth2.xcframework */; };
		EE4EC14C27D394A70085210F /* OAuth2.xcframework in Embed Frameworks */ = {isa = PBXBuildFile; fileRef = EE4EC14A27D394A70085210F /* OAuth2.xcframework */; settings = {ATTRIBUTES = (CodeSignOnCopy, RemoveHeadersOnCopy, ); }; };
		EE4EC14E27D394B00085210F /* OGSwitch.xcframework in Frameworks */ = {isa = PBXBuildFile; fileRef = EE4EC14D27D394B00085210F /* OGSwitch.xcframework */; };
		EE4EC14F27D394B00085210F /* OGSwitch.xcframework in Embed Frameworks */ = {isa = PBXBuildFile; fileRef = EE4EC14D27D394B00085210F /* OGSwitch.xcframework */; settings = {ATTRIBUTES = (CodeSignOnCopy, RemoveHeadersOnCopy, ); }; };
/* End PBXBuildFile section */

/* Begin PBXContainerItemProxy section */
		0B9A2B2225B9BCCE000B316D /* PBXContainerItemProxy */ = {
			isa = PBXContainerItemProxy;
			containerPortal = 0BBF0F7725AB52FC001E9B2C /* Project object */;
			proxyType = 1;
			remoteGlobalIDString = 0B7575B725B44FF900601DC7;
			remoteInfo = HelperTool;
		};
/* End PBXContainerItemProxy section */

/* Begin PBXCopyFilesBuildPhase section */
		0B734E1725BD3D9B0048FC0D /* CopyFiles */ = {
			isa = PBXCopyFilesBuildPhase;
			buildActionMask = 2147483647;
			dstPath = Contents/Library/LoginItems;
			dstSubfolderSpec = 1;
			files = (
			);
			runOnlyForDeploymentPostprocessing = 0;
		};
		0B734E2025BD3E0F0048FC0D /* Embed Frameworks */ = {
			isa = PBXCopyFilesBuildPhase;
			buildActionMask = 2147483647;
			dstPath = "";
			dstSubfolderSpec = 16;
			files = (
				0B6EF53326039E6B00545C83 /* GCDWebServers.framework.dSYM in Embed Frameworks */,
				0B5A05BC25DB6A5B000BFD54 /* OGSwitch.framework.dSYM in Embed Frameworks */,
				0B5A05BD25DB6A5B000BFD54 /* OAuth2.framework.dSYM in Embed Frameworks */,
				0B5A05C025DB6A6C000BFD54 /* Sparkle.framework.dSYM in Embed Frameworks */,
			);
			name = "Embed Frameworks";
			runOnlyForDeploymentPostprocessing = 0;
		};
		0B734E6425BD6D380048FC0D /* Embed Frameworks */ = {
			isa = PBXCopyFilesBuildPhase;
			buildActionMask = 2147483647;
			dstPath = "";
			dstSubfolderSpec = 10;
			files = (
				EE4EC14927D394A30085210F /* GCDWebServers.xcframework in Embed Frameworks */,
				EE4EC14C27D394A70085210F /* OAuth2.xcframework in Embed Frameworks */,
				EE4EC14F27D394B00085210F /* OGSwitch.xcframework in Embed Frameworks */,
			);
			name = "Embed Frameworks";
			runOnlyForDeploymentPostprocessing = 0;
		};
		0B7575B625B44FF900601DC7 /* CopyFiles */ = {
			isa = PBXCopyFilesBuildPhase;
			buildActionMask = 2147483647;
			dstPath = /usr/share/man/man1/;
			dstSubfolderSpec = 0;
			files = (
			);
			runOnlyForDeploymentPostprocessing = 1;
		};
		0B7575C525B4517B00601DC7 /* CopyFiles */ = {
			isa = PBXCopyFilesBuildPhase;
			buildActionMask = 2147483647;
			dstPath = Contents/Library/LaunchServices;
			dstSubfolderSpec = 1;
			files = (
				0B7575C625B4518000601DC7 /* io.omniedge.mac.Omniedge.HelperTool in CopyFiles */,
			);
			runOnlyForDeploymentPostprocessing = 0;
		};
/* End PBXCopyFilesBuildPhase section */

/* Begin PBXFileReference section */
		0B22165225CC448B00387622 /* Extensions.swift */ = {isa = PBXFileReference; lastKnownFileType = sourcecode.swift; path = Extensions.swift; sourceTree = "<group>"; };
		0B361063260E300100CFDEEB /* BugsnagReportApplication.swift */ = {isa = PBXFileReference; lastKnownFileType = sourcecode.swift; path = BugsnagReportApplication.swift; sourceTree = "<group>"; };
		0B5A05AC25DB67A5000BFD54 /* OAuth2.framework */ = {isa = PBXFileReference; lastKnownFileType = wrapper.framework; name = OAuth2.framework; path = Carthage/Build/Mac/OAuth2.framework; sourceTree = "<group>"; };
		0B5A05BA25DB6A5B000BFD54 /* OGSwitch.framework.dSYM */ = {isa = PBXFileReference; lastKnownFileType = wrapper.dsym; path = OGSwitch.framework.dSYM; sourceTree = "<group>"; };
		0B5A05BB25DB6A5B000BFD54 /* OAuth2.framework.dSYM */ = {isa = PBXFileReference; lastKnownFileType = wrapper.dsym; path = OAuth2.framework.dSYM; sourceTree = "<group>"; };
		0B5A05BF25DB6A6C000BFD54 /* Sparkle.framework.dSYM */ = {isa = PBXFileReference; lastKnownFileType = wrapper.dsym; path = Sparkle.framework.dSYM; sourceTree = "<group>"; };
		0B6EF52E26039E3500545C83 /* GCDWebServers.framework */ = {isa = PBXFileReference; lastKnownFileType = wrapper.framework; name = GCDWebServers.framework; path = Carthage/Build/Mac/GCDWebServers.framework; sourceTree = "<group>"; };
		0B6EF53226039E6B00545C83 /* GCDWebServers.framework.dSYM */ = {isa = PBXFileReference; lastKnownFileType = wrapper.dsym; path = GCDWebServers.framework.dSYM; sourceTree = "<group>"; };
		0B734E0E25BD3C1F0048FC0D /* Cartfile */ = {isa = PBXFileReference; lastKnownFileType = text; path = Cartfile; sourceTree = "<group>"; };
		0B734E1525BD3D5E0048FC0D /* OGSwitch.framework */ = {isa = PBXFileReference; lastKnownFileType = wrapper.framework; name = OGSwitch.framework; path = Carthage/Build/Mac/OGSwitch.framework; sourceTree = "<group>"; };
		0B734E3825BD5D550048FC0D /* .gitignore */ = {isa = PBXFileReference; lastKnownFileType = text; path = .gitignore; sourceTree = "<group>"; };
		0B734E4F25BD69E60048FC0D /* Sparkle.framework */ = {isa = PBXFileReference; lastKnownFileType = wrapper.framework; path = Sparkle.framework; sourceTree = "<group>"; };
		0B734E5225BD6A3B0048FC0D /* Sparkle.framework.dSYM */ = {isa = PBXFileReference; lastKnownFileType = wrapper.dsym; path = Sparkle.framework.dSYM; sourceTree = "<group>"; };
		0B734E5625BD6A6A0048FC0D /* OGSwitch.framework.dSYM */ = {isa = PBXFileReference; lastKnownFileType = wrapper.dsym; path = OGSwitch.framework.dSYM; sourceTree = "<group>"; };
		0B734E6D25BD75810048FC0D /* appdmg.json */ = {isa = PBXFileReference; lastKnownFileType = text.json; path = appdmg.json; sourceTree = "<group>"; };
		0B7575B825B44FF900601DC7 /* io.omniedge.mac.Omniedge.HelperTool */ = {isa = PBXFileReference; explicitFileType = "compiled.mach-o.executable"; includeInIndex = 0; path = io.omniedge.mac.Omniedge.HelperTool; sourceTree = BUILT_PRODUCTS_DIR; };
		0B7575BA25B44FF900601DC7 /* main.swift */ = {isa = PBXFileReference; lastKnownFileType = sourcecode.swift; path = main.swift; sourceTree = "<group>"; };
		0B7575C125B4507100601DC7 /* HelperTool-Info.plist */ = {isa = PBXFileReference; lastKnownFileType = text.plist.xml; path = "HelperTool-Info.plist"; sourceTree = "<group>"; };
		0B7575C225B4508C00601DC7 /* Launchd.plist */ = {isa = PBXFileReference; lastKnownFileType = text.plist.xml; path = Launchd.plist; sourceTree = "<group>"; };
		0B9A2AD525B9B36B000B316D /* n2n */ = {isa = PBXFileReference; lastKnownFileType = folder; name = n2n; path = ../n2n; sourceTree = "<group>"; };
		0B9B781E25B4547A00BB415D /* uninstall.sh */ = {isa = PBXFileReference; lastKnownFileType = text.script.sh; path = uninstall.sh; sourceTree = "<group>"; };
		0B9B784525B4609C00BB415D /* SMJobBlessUtil.py */ = {isa = PBXFileReference; fileEncoding = 4; lastKnownFileType = text.script.python; path = SMJobBlessUtil.py; sourceTree = "<group>"; };
		0B9B787825B4717000BB415D /* Constants.swift */ = {isa = PBXFileReference; fileEncoding = 4; lastKnownFileType = sourcecode.swift; path = Constants.swift; sourceTree = "<group>"; };
		0B9B787925B4717000BB415D /* Protocols.swift */ = {isa = PBXFileReference; fileEncoding = 4; lastKnownFileType = sourcecode.swift; path = Protocols.swift; sourceTree = "<group>"; };
		0B9B789225B4746F00BB415D /* XPCServer.swift */ = {isa = PBXFileReference; lastKnownFileType = sourcecode.swift; path = XPCServer.swift; sourceTree = "<group>"; };
		0B9B789625B4773A00BB415D /* HelperTool.swift */ = {isa = PBXFileReference; lastKnownFileType = sourcecode.swift; path = HelperTool.swift; sourceTree = "<group>"; };
		0BA4E57B25F14062005AF9BF /* success.html */ = {isa = PBXFileReference; fileEncoding = 4; lastKnownFileType = text.html; path = success.html; sourceTree = "<group>"; };
		0BBF0F7F25AB52FC001E9B2C /* Omniedge.app */ = {isa = PBXFileReference; explicitFileType = wrapper.application; includeInIndex = 0; path = Omniedge.app; sourceTree = BUILT_PRODUCTS_DIR; };
		0BBF0F8225AB52FC001E9B2C /* AppDelegate.swift */ = {isa = PBXFileReference; lastKnownFileType = sourcecode.swift; path = AppDelegate.swift; sourceTree = "<group>"; };
		0BBF0F8625AB52FD001E9B2C /* Assets.xcassets */ = {isa = PBXFileReference; lastKnownFileType = folder.assetcatalog; path = Assets.xcassets; sourceTree = "<group>"; };
		0BBF0F8925AB52FD001E9B2C /* Base */ = {isa = PBXFileReference; lastKnownFileType = file.storyboard; name = Base; path = Base.lproj/Main.storyboard; sourceTree = "<group>"; };
		0BBF0F8B25AB52FD001E9B2C /* Info.plist */ = {isa = PBXFileReference; lastKnownFileType = text.plist.xml; path = Info.plist; sourceTree = "<group>"; };
		0BBF0F8C25AB52FD001E9B2C /* Omniedge.entitlements */ = {isa = PBXFileReference; lastKnownFileType = text.plist.entitlements; path = Omniedge.entitlements; sourceTree = "<group>"; };
		246A216A28A6700C000FE8CD /* OmError.swift */ = {isa = PBXFileReference; lastKnownFileType = sourcecode.swift; path = OmError.swift; sourceTree = "<group>"; };
		246A216D28A68335000FE8CD /* String+Omni.swift */ = {isa = PBXFileReference; lastKnownFileType = sourcecode.swift; path = "String+Omni.swift"; sourceTree = "<group>"; };
		24D360C82855FC9500284253 /* SMJobBlessReadMe.txt */ = {isa = PBXFileReference; fileEncoding = 4; lastKnownFileType = text; path = SMJobBlessReadMe.txt; sourceTree = "<group>"; };
		24F18D3E288BEFF1006D4CDC /* CacheService.swift */ = {isa = PBXFileReference; lastKnownFileType = sourcecode.swift; path = CacheService.swift; sourceTree = "<group>"; };
		4C2DF5B8284A2A1F00456AB3 /* DeviceRegisterModel.swift */ = {isa = PBXFileReference; lastKnownFileType = sourcecode.swift; path = DeviceRegisterModel.swift; sourceTree = "<group>"; };
		4C2DF5BC284B8D4E00456AB3 /* JoinDeviceModel.swift */ = {isa = PBXFileReference; lastKnownFileType = sourcecode.swift; path = JoinDeviceModel.swift; sourceTree = "<group>"; };
		4C2E5E9E28858C42007092C9 /* Data+Omni.swift */ = {isa = PBXFileReference; lastKnownFileType = sourcecode.swift; path = "Data+Omni.swift"; sourceTree = "<group>"; };
		4C2E5EA02886C621007092C9 /* DetailMenuItem.swift */ = {isa = PBXFileReference; lastKnownFileType = sourcecode.swift; path = DetailMenuItem.swift; sourceTree = "<group>"; };
		4C2E5EA22886C6F4007092C9 /* ContentMenuItem.swift */ = {isa = PBXFileReference; lastKnownFileType = sourcecode.swift; path = ContentMenuItem.swift; sourceTree = "<group>"; };
		4C2E5EA42886CF2A007092C9 /* NetworkItemView.swift */ = {isa = PBXFileReference; lastKnownFileType = sourcecode.swift; path = NetworkItemView.swift; sourceTree = "<group>"; };
		4C2E5EA62886CF78007092C9 /* BaseView.swift */ = {isa = PBXFileReference; lastKnownFileType = sourcecode.swift; path = BaseView.swift; sourceTree = "<group>"; };
		4C2E5EAA2886DFBB007092C9 /* OmniButtonCell.swift */ = {isa = PBXFileReference; lastKnownFileType = sourcecode.swift; path = OmniButtonCell.swift; sourceTree = "<group>"; };
		4C8079FB28883F780060D73D /* NetworkItemDetailView.swift */ = {isa = PBXFileReference; lastKnownFileType = sourcecode.swift; path = NetworkItemDetailView.swift; sourceTree = "<group>"; };
		4CA1C68F283A5C8600A9E723 /* DeviceModel.swift */ = {isa = PBXFileReference; lastKnownFileType = sourcecode.swift; path = DeviceModel.swift; sourceTree = "<group>"; };
		4CA8044128818B4B005C7B53 /* HttpService.swift */ = {isa = PBXFileReference; lastKnownFileType = sourcecode.swift; path = HttpService.swift; sourceTree = "<group>"; };
		4CA8044328818B57005C7B53 /* OmniService.swift */ = {isa = PBXFileReference; lastKnownFileType = sourcecode.swift; path = OmniService.swift; sourceTree = "<group>"; };
		4CA8044528818B97005C7B53 /* XPCService.swift */ = {isa = PBXFileReference; lastKnownFileType = sourcecode.swift; path = XPCService.swift; sourceTree = "<group>"; };
		4CA8044D28818D0E005C7B53 /* OmniMainMenu.swift */ = {isa = PBXFileReference; lastKnownFileType = sourcecode.swift; path = OmniMainMenu.swift; sourceTree = "<group>"; };
		4CA8044F28818F24005C7B53 /* OmniMenuItem.swift */ = {isa = PBXFileReference; lastKnownFileType = sourcecode.swift; path = OmniMenuItem.swift; sourceTree = "<group>"; };
		4CA8045628820B03005C7B53 /* Utils.swift */ = {isa = PBXFileReference; lastKnownFileType = sourcecode.swift; path = Utils.swift; sourceTree = "<group>"; };
		4CA8045928821074005C7B53 /* OmniLabel.swift */ = {isa = PBXFileReference; lastKnownFileType = sourcecode.swift; path = OmniLabel.swift; sourceTree = "<group>"; };
		4CA804CA2882A2E5005C7B53 /* NetworkMenuItem.swift */ = {isa = PBXFileReference; lastKnownFileType = sourcecode.swift; path = NetworkMenuItem.swift; sourceTree = "<group>"; };
		4CBE61002882B9BA00B464DD /* AuthService.swift */ = {isa = PBXFileReference; lastKnownFileType = sourcecode.swift; path = AuthService.swift; sourceTree = "<group>"; };
		4CBE61022882B9E100B464DD /* LocatorService.swift */ = {isa = PBXFileReference; lastKnownFileType = sourcecode.swift; path = LocatorService.swift; sourceTree = "<group>"; };
		4CBE61042882BB3100B464DD /* IService.swift */ = {isa = PBXFileReference; lastKnownFileType = sourcecode.swift; path = IService.swift; sourceTree = "<group>"; };
		4CBE610D2882D18900B464DD /* Response.swift */ = {isa = PBXFileReference; lastKnownFileType = sourcecode.swift; path = Response.swift; sourceTree = "<group>"; };
		4CBE610F2882D40500B464DD /* AuthModel.swift */ = {isa = PBXFileReference; lastKnownFileType = sourcecode.swift; path = AuthModel.swift; sourceTree = "<group>"; };
		4CBE61132882D94900B464DD /* BaseService.swift */ = {isa = PBXFileReference; lastKnownFileType = sourcecode.swift; path = BaseService.swift; sourceTree = "<group>"; };
		4CBE61152882E6E600B464DD /* AppService.swift */ = {isa = PBXFileReference; lastKnownFileType = sourcecode.swift; path = AppService.swift; sourceTree = "<group>"; };
		4CBE61172882E91F00B464DD /* VirtualNetworkService.swift */ = {isa = PBXFileReference; lastKnownFileType = sourcecode.swift; path = VirtualNetworkService.swift; sourceTree = "<group>"; };
		4CE15D38283A6EBC0000E529 /* Alamofire.xcframework */ = {isa = PBXFileReference; lastKnownFileType = wrapper.xcframework; name = Alamofire.xcframework; path = Carthage/Build/Alamofire.xcframework; sourceTree = "<group>"; };
		4CE405E128375CFC0045D5C4 /* UserModel.swift */ = {isa = PBXFileReference; lastKnownFileType = sourcecode.swift; path = UserModel.swift; sourceTree = "<group>"; };
		4CE405E328375E4C0045D5C4 /* ServerModel.swift */ = {isa = PBXFileReference; lastKnownFileType = sourcecode.swift; path = ServerModel.swift; sourceTree = "<group>"; };
		4CE405E528375ECD0045D5C4 /* VirtualNetworkModel.swift */ = {isa = PBXFileReference; lastKnownFileType = sourcecode.swift; path = VirtualNetworkModel.swift; sourceTree = "<group>"; };
		EE4EC14627D394860085210F /* Build */ = {isa = PBXFileReference; lastKnownFileType = folder; name = Build; path = Carthage/Build; sourceTree = "<group>"; };
		EE4EC14727D394A30085210F /* GCDWebServers.xcframework */ = {isa = PBXFileReference; lastKnownFileType = wrapper.xcframework; name = GCDWebServers.xcframework; path = Carthage/Build/GCDWebServers.xcframework; sourceTree = "<group>"; };
		EE4EC14A27D394A70085210F /* OAuth2.xcframework */ = {isa = PBXFileReference; lastKnownFileType = wrapper.xcframework; name = OAuth2.xcframework; path = Carthage/Build/OAuth2.xcframework; sourceTree = "<group>"; };
		EE4EC14D27D394B00085210F /* OGSwitch.xcframework */ = {isa = PBXFileReference; lastKnownFileType = wrapper.xcframework; name = OGSwitch.xcframework; path = Carthage/Build/OGSwitch.xcframework; sourceTree = "<group>"; };
/* End PBXFileReference section */

/* Begin PBXFrameworksBuildPhase section */
		0B7575B525B44FF900601DC7 /* Frameworks */ = {
			isa = PBXFrameworksBuildPhase;
			buildActionMask = 2147483647;
			files = (
				0B3D99DF25DA953B00344C07 /* n2nMacOS in Frameworks */,
			);
			runOnlyForDeploymentPostprocessing = 0;
		};
		0BBF0F7C25AB52FC001E9B2C /* Frameworks */ = {
			isa = PBXFrameworksBuildPhase;
			buildActionMask = 2147483647;
			files = (
				EE4EC14E27D394B00085210F /* OGSwitch.xcframework in Frameworks */,
				EE4EC14827D394A30085210F /* GCDWebServers.xcframework in Frameworks */,
				0B3D99DC25DA953400344C07 /* n2nMacOS in Frameworks */,
				EE4EC14B27D394A70085210F /* OAuth2.xcframework in Frameworks */,
				0BD772F825E26F7A0001282C /* SwiftyPing in Frameworks */,
			);
			runOnlyForDeploymentPostprocessing = 0;
		};
/* End PBXFrameworksBuildPhase section */

/* Begin PBXGroup section */
		0B7575B925B44FF900601DC7 /* HelperTool */ = {
			isa = PBXGroup;
			children = (
				0B7575BA25B44FF900601DC7 /* main.swift */,
				0B7575C125B4507100601DC7 /* HelperTool-Info.plist */,
				0B7575C225B4508C00601DC7 /* Launchd.plist */,
				0B9B789225B4746F00BB415D /* XPCServer.swift */,
				0B9B789625B4773A00BB415D /* HelperTool.swift */,
			);
			path = HelperTool;
			sourceTree = "<group>";
		};
		0B9A2AD425B9B36B000B316D /* Frameworks */ = {
			isa = PBXGroup;
			children = (
				4CE15D38283A6EBC0000E529 /* Alamofire.xcframework */,
				EE4EC14D27D394B00085210F /* OGSwitch.xcframework */,
				EE4EC14A27D394A70085210F /* OAuth2.xcframework */,
				EE4EC14727D394A30085210F /* GCDWebServers.xcframework */,
				EE4EC14627D394860085210F /* Build */,
				0B6EF52E26039E3500545C83 /* GCDWebServers.framework */,
				0B5A05AC25DB67A5000BFD54 /* OAuth2.framework */,
				0B734E5625BD6A6A0048FC0D /* OGSwitch.framework.dSYM */,
				0B734E5225BD6A3B0048FC0D /* Sparkle.framework.dSYM */,
				0B734E4F25BD69E60048FC0D /* Sparkle.framework */,
				0B734E1525BD3D5E0048FC0D /* OGSwitch.framework */,
				0B9A2AD525B9B36B000B316D /* n2n */,
			);
			name = Frameworks;
			sourceTree = "<group>";
		};
		0B9B787725B4717000BB415D /* Common */ = {
			isa = PBXGroup;
			children = (
				0B9B787825B4717000BB415D /* Constants.swift */,
				0B9B787925B4717000BB415D /* Protocols.swift */,
				0B22165225CC448B00387622 /* Extensions.swift */,
			);
			path = Common;
			sourceTree = "<group>";
		};
		0BBF0F7625AB52FC001E9B2C = {
			isa = PBXGroup;
			children = (
				4CBE610C2882D17E00B464DD /* Models */,
				4CA8045828821061005C7B53 /* Views */,
				4CA8045328820A04005C7B53 /* Extensions */,
				4CA8044C28818CE7005C7B53 /* Menus */,
				4CA8044B28818C58005C7B53 /* Utils */,
				4CA8044028818B3C005C7B53 /* Services */,
				0BBF0F9825AB580D001E9B2C /* Support */,
				0B9B787725B4717000BB415D /* Common */,
				24D360C82855FC9500284253 /* SMJobBlessReadMe.txt */,
				0BBF0F8125AB52FC001E9B2C /* Omniedge */,
				0B7575B925B44FF900601DC7 /* HelperTool */,
				0BBF0F8025AB52FC001E9B2C /* Products */,
				0B9A2AD425B9B36B000B316D /* Frameworks */,
				0B734E0E25BD3C1F0048FC0D /* Cartfile */,
				0B9B781E25B4547A00BB415D /* uninstall.sh */,
				0B9B784525B4609C00BB415D /* SMJobBlessUtil.py */,
				0B734E3825BD5D550048FC0D /* .gitignore */,
				0B734E6D25BD75810048FC0D /* appdmg.json */,
			);
			sourceTree = "<group>";
		};
		0BBF0F8025AB52FC001E9B2C /* Products */ = {
			isa = PBXGroup;
			children = (
				0BBF0F7F25AB52FC001E9B2C /* Omniedge.app */,
				0B7575B825B44FF900601DC7 /* io.omniedge.mac.Omniedge.HelperTool */,
			);
			name = Products;
			sourceTree = "<group>";
		};
		0BBF0F8125AB52FC001E9B2C /* Omniedge */ = {
			isa = PBXGroup;
			children = (
				0BBF0F8225AB52FC001E9B2C /* AppDelegate.swift */,
				0BBF0F8825AB52FD001E9B2C /* Main.storyboard */,
				0B361063260E300100CFDEEB /* BugsnagReportApplication.swift */,
			);
			path = Omniedge;
			sourceTree = "<group>";
		};
		0BBF0F9825AB580D001E9B2C /* Support */ = {
			isa = PBXGroup;
			children = (
				0BA4E57B25F14062005AF9BF /* success.html */,
				0B6EF53226039E6B00545C83 /* GCDWebServers.framework.dSYM */,
				0B5A05BF25DB6A6C000BFD54 /* Sparkle.framework.dSYM */,
				0B5A05BB25DB6A5B000BFD54 /* OAuth2.framework.dSYM */,
				0B5A05BA25DB6A5B000BFD54 /* OGSwitch.framework.dSYM */,
				0BBF0F8625AB52FD001E9B2C /* Assets.xcassets */,
				0BBF0F8B25AB52FD001E9B2C /* Info.plist */,
				0BBF0F8C25AB52FD001E9B2C /* Omniedge.entitlements */,
			);
			name = Support;
			path = Omniedge;
			sourceTree = "<group>";
		};
		4CA8044028818B3C005C7B53 /* Services */ = {
			isa = PBXGroup;
			children = (
				4CA8044128818B4B005C7B53 /* HttpService.swift */,
				4CA8044328818B57005C7B53 /* OmniService.swift */,
				4CA8044528818B97005C7B53 /* XPCService.swift */,
				4CBE61002882B9BA00B464DD /* AuthService.swift */,
				4CBE61022882B9E100B464DD /* LocatorService.swift */,
				4CBE61042882BB3100B464DD /* IService.swift */,
				4CBE61132882D94900B464DD /* BaseService.swift */,
				4CBE61152882E6E600B464DD /* AppService.swift */,
				4CBE61172882E91F00B464DD /* VirtualNetworkService.swift */,
				24F18D3E288BEFF1006D4CDC /* CacheService.swift */,
			);
			path = Services;
			sourceTree = "<group>";
		};
		4CA8044B28818C58005C7B53 /* Utils */ = {
			isa = PBXGroup;
			children = (
				4CA8045628820B03005C7B53 /* Utils.swift */,
				246A216A28A6700C000FE8CD /* OmError.swift */,
			);
			path = Utils;
			sourceTree = "<group>";
		};
		4CA8044C28818CE7005C7B53 /* Menus */ = {
			isa = PBXGroup;
			children = (
				4CA8044D28818D0E005C7B53 /* OmniMainMenu.swift */,
				4CA8044F28818F24005C7B53 /* OmniMenuItem.swift */,
				4C2E5EA22886C6F4007092C9 /* ContentMenuItem.swift */,
				4C2E5EA02886C621007092C9 /* DetailMenuItem.swift */,
				4CA804CA2882A2E5005C7B53 /* NetworkMenuItem.swift */,
			);
			path = Menus;
			sourceTree = "<group>";
		};
		4CA8045328820A04005C7B53 /* Extensions */ = {
			isa = PBXGroup;
			children = (
				4C2E5E9E28858C42007092C9 /* Data+Omni.swift */,
				246A216D28A68335000FE8CD /* String+Omni.swift */,
			);
			path = Extensions;
			sourceTree = "<group>";
		};
		4CA8045828821061005C7B53 /* Views */ = {
			isa = PBXGroup;
			children = (
				4CA8045928821074005C7B53 /* OmniLabel.swift */,
				4C2E5EA62886CF78007092C9 /* BaseView.swift */,
				4C2E5EA42886CF2A007092C9 /* NetworkItemView.swift */,
				4C2E5EAA2886DFBB007092C9 /* OmniButtonCell.swift */,
				4C8079FB28883F780060D73D /* NetworkItemDetailView.swift */,
			);
			path = Views;
			sourceTree = "<group>";
		};
		4CBE610C2882D17E00B464DD /* Models */ = {
			isa = PBXGroup;
			children = (
				4CBE610D2882D18900B464DD /* Response.swift */,
				4CBE610F2882D40500B464DD /* AuthModel.swift */,
				4CE405E528375ECD0045D5C4 /* VirtualNetworkModel.swift */,
				4CE405E328375E4C0045D5C4 /* ServerModel.swift */,
				4CE405E128375CFC0045D5C4 /* UserModel.swift */,
				4CA1C68F283A5C8600A9E723 /* DeviceModel.swift */,
				4C2DF5B8284A2A1F00456AB3 /* DeviceRegisterModel.swift */,
				4C2DF5BC284B8D4E00456AB3 /* JoinDeviceModel.swift */,
			);
			path = Models;
			sourceTree = "<group>";
		};
/* End PBXGroup section */

/* Begin PBXNativeTarget section */
		0B7575B725B44FF900601DC7 /* HelperTool */ = {
			isa = PBXNativeTarget;
			buildConfigurationList = 0B7575BC25B44FF900601DC7 /* Build configuration list for PBXNativeTarget "HelperTool" */;
			buildPhases = (
				0B7575B425B44FF900601DC7 /* Sources */,
				0B7575B525B44FF900601DC7 /* Frameworks */,
				0B7575B625B44FF900601DC7 /* CopyFiles */,
			);
			buildRules = (
			);
			dependencies = (
			);
			name = HelperTool;
			packageProductDependencies = (
				0B3D99DE25DA953B00344C07 /* n2nMacOS */,
			);
			productName = HelperTool;
			productReference = 0B7575B825B44FF900601DC7 /* io.omniedge.mac.Omniedge.HelperTool */;
			productType = "com.apple.product-type.tool";
		};
		0BBF0F7E25AB52FC001E9B2C /* Omniedge */ = {
			isa = PBXNativeTarget;
			buildConfigurationList = 0BBF0F8F25AB52FD001E9B2C /* Build configuration list for PBXNativeTarget "Omniedge" */;
			buildPhases = (
				0BBF0F7B25AB52FC001E9B2C /* Sources */,
				0BBF0F7C25AB52FC001E9B2C /* Frameworks */,
				0BBF0F7D25AB52FC001E9B2C /* Resources */,
				0B7575C525B4517B00601DC7 /* CopyFiles */,
				0B734E1725BD3D9B0048FC0D /* CopyFiles */,
				0B734E2025BD3E0F0048FC0D /* Embed Frameworks */,
				0B734E6425BD6D380048FC0D /* Embed Frameworks */,
			);
			buildRules = (
			);
			dependencies = (
				0B9A2B2325B9BCCE000B316D /* PBXTargetDependency */,
			);
			name = Omniedge;
			packageProductDependencies = (
				0B3D99DB25DA953400344C07 /* n2nMacOS */,
				0BD772F725E26F7A0001282C /* SwiftyPing */,
			);
			productName = Omniedge;
			productReference = 0BBF0F7F25AB52FC001E9B2C /* Omniedge.app */;
			productType = "com.apple.product-type.application";
		};
/* End PBXNativeTarget section */

/* Begin PBXProject section */
		0BBF0F7725AB52FC001E9B2C /* Project object */ = {
			isa = PBXProject;
			attributes = {
				LastSwiftUpdateCheck = 1230;
				LastUpgradeCheck = 1230;
				TargetAttributes = {
					0B7575B725B44FF900601DC7 = {
						CreatedOnToolsVersion = 12.3;
					};
					0BBF0F7E25AB52FC001E9B2C = {
						CreatedOnToolsVersion = 12.3;
					};
				};
			};
			buildConfigurationList = 0BBF0F7A25AB52FC001E9B2C /* Build configuration list for PBXProject "Omniedge" */;
			compatibilityVersion = "Xcode 9.3";
			developmentRegion = en;
			hasScannedForEncodings = 0;
			knownRegions = (
				en,
				Base,
			);
			mainGroup = 0BBF0F7625AB52FC001E9B2C;
			packageReferences = (
				0B3D99DA25DA953400344C07 /* XCRemoteSwiftPackageReference "n2n-macOS" */,
				0BD772F625E26F7A0001282C /* XCRemoteSwiftPackageReference "SwiftyPing" */,
				0B36105F260E2F1B00CFDEEB /* XCRemoteSwiftPackageReference "bugsnag-cocoa" */,
			);
			productRefGroup = 0BBF0F8025AB52FC001E9B2C /* Products */;
			projectDirPath = "";
			projectRoot = "";
			targets = (
				0BBF0F7E25AB52FC001E9B2C /* Omniedge */,
				0B7575B725B44FF900601DC7 /* HelperTool */,
			);
		};
/* End PBXProject section */

/* Begin PBXResourcesBuildPhase section */
		0BBF0F7D25AB52FC001E9B2C /* Resources */ = {
			isa = PBXResourcesBuildPhase;
			buildActionMask = 2147483647;
			files = (
				0B734E3925BD5D550048FC0D /* .gitignore in Resources */,
				0B734E0F25BD3C1F0048FC0D /* Cartfile in Resources */,
				0BBF0F8725AB52FD001E9B2C /* Assets.xcassets in Resources */,
				0BBF0F8A25AB52FD001E9B2C /* Main.storyboard in Resources */,
				0B734E6E25BD75810048FC0D /* appdmg.json in Resources */,
				24D360C92855FC9500284253 /* SMJobBlessReadMe.txt in Resources */,
				0BA4E57C25F14062005AF9BF /* success.html in Resources */,
			);
			runOnlyForDeploymentPostprocessing = 0;
		};
/* End PBXResourcesBuildPhase section */

/* Begin PBXSourcesBuildPhase section */
		0B7575B425B44FF900601DC7 /* Sources */ = {
			isa = PBXSourcesBuildPhase;
			buildActionMask = 2147483647;
			files = (
				4C8079FA288835B50060D73D /* JoinDeviceModel.swift in Sources */,
				0B9B789325B4746F00BB415D /* XPCServer.swift in Sources */,
				0B22165425CC448B00387622 /* Extensions.swift in Sources */,
				4C8079F928882C930060D73D /* Utils.swift in Sources */,
				0B9B789725B4773A00BB415D /* HelperTool.swift in Sources */,
				24F18D40288D82A9006D4CDC /* DeviceModel.swift in Sources */,
				246A216F28A68335000FE8CD /* String+Omni.swift in Sources */,
				0B9B788025B4718200BB415D /* Constants.swift in Sources */,
				0B9B788125B4718200BB415D /* Protocols.swift in Sources */,
				246A216C28A6700C000FE8CD /* OmError.swift in Sources */,
				0B7575BB25B44FF900601DC7 /* main.swift in Sources */,
			);
			runOnlyForDeploymentPostprocessing = 0;
		};
		0BBF0F7B25AB52FC001E9B2C /* Sources */ = {
			isa = PBXSourcesBuildPhase;
			buildActionMask = 2147483647;
			files = (
				0BBF0F8325AB52FC001E9B2C /* AppDelegate.swift in Sources */,
				246A216E28A68335000FE8CD /* String+Omni.swift in Sources */,
				4C2E5E9F28858C42007092C9 /* Data+Omni.swift in Sources */,
				4CBE61162882E6E600B464DD /* AppService.swift in Sources */,
				0B22165325CC448B00387622 /* Extensions.swift in Sources */,
				4CA1C690283A5C8600A9E723 /* DeviceModel.swift in Sources */,
				4CA8045028818F24005C7B53 /* OmniMenuItem.swift in Sources */,
				246A216B28A6700C000FE8CD /* OmError.swift in Sources */,
				4CBE61052882BB3100B464DD /* IService.swift in Sources */,
				4CE405E628375ECD0045D5C4 /* VirtualNetworkModel.swift in Sources */,
				4C2E5EA52886CF2A007092C9 /* NetworkItemView.swift in Sources */,
				4CA8044E28818D0E005C7B53 /* OmniMainMenu.swift in Sources */,
				4CE405E228375CFC0045D5C4 /* UserModel.swift in Sources */,
				4CBE610E2882D18900B464DD /* Response.swift in Sources */,
				4CBE61032882B9E100B464DD /* LocatorService.swift in Sources */,
				4C2E5EAB2886DFBC007092C9 /* OmniButtonCell.swift in Sources */,
				4CBE61182882E91F00B464DD /* VirtualNetworkService.swift in Sources */,
				4CA8044428818B57005C7B53 /* OmniService.swift in Sources */,
				4CE405E428375E4C0045D5C4 /* ServerModel.swift in Sources */,
				4CA8045728820B03005C7B53 /* Utils.swift in Sources */,
				4C2E5EA12886C621007092C9 /* DetailMenuItem.swift in Sources */,
				4C2DF5BD284B8D4E00456AB3 /* JoinDeviceModel.swift in Sources */,
				4CBE61142882D94900B464DD /* BaseService.swift in Sources */,
				4CA8044628818B97005C7B53 /* XPCService.swift in Sources */,
				4CBE61102882D40500B464DD /* AuthModel.swift in Sources */,
				4CA8044228818B4B005C7B53 /* HttpService.swift in Sources */,
				0B361064260E300100CFDEEB /* BugsnagReportApplication.swift in Sources */,
				4CBE61012882B9BA00B464DD /* AuthService.swift in Sources */,
				0B9B787A25B4717000BB415D /* Constants.swift in Sources */,
				4C2DF5B9284A2A1F00456AB3 /* DeviceRegisterModel.swift in Sources */,
				4CA8045A28821074005C7B53 /* OmniLabel.swift in Sources */,
				4CA804CB2882A2E5005C7B53 /* NetworkMenuItem.swift in Sources */,
				4C2E5EA72886CF78007092C9 /* BaseView.swift in Sources */,
				4C8079FC28883F780060D73D /* NetworkItemDetailView.swift in Sources */,
				0B9B787B25B4717000BB415D /* Protocols.swift in Sources */,
				24F18D3F288BEFF1006D4CDC /* CacheService.swift in Sources */,
				4C2E5EA32886C6F4007092C9 /* ContentMenuItem.swift in Sources */,
			);
			runOnlyForDeploymentPostprocessing = 0;
		};
/* End PBXSourcesBuildPhase section */

/* Begin PBXTargetDependency section */
		0B9A2B2325B9BCCE000B316D /* PBXTargetDependency */ = {
			isa = PBXTargetDependency;
			target = 0B7575B725B44FF900601DC7 /* HelperTool */;
			targetProxy = 0B9A2B2225B9BCCE000B316D /* PBXContainerItemProxy */;
		};
/* End PBXTargetDependency section */

/* Begin PBXVariantGroup section */
		0BBF0F8825AB52FD001E9B2C /* Main.storyboard */ = {
			isa = PBXVariantGroup;
			children = (
				0BBF0F8925AB52FD001E9B2C /* Base */,
			);
			name = Main.storyboard;
			sourceTree = "<group>";
		};
/* End PBXVariantGroup section */

/* Begin XCBuildConfiguration section */
		0B7575BD25B44FF900601DC7 /* Debug */ = {
			isa = XCBuildConfiguration;
			buildSettings = {
				CODE_SIGN_IDENTITY = "Apple Development";
				CODE_SIGN_STYLE = Manual;
				CURRENT_PROJECT_VERSION = 100001;
				DEVELOPMENT_TEAM = QTRXQATRPQ;
				ENABLE_HARDENED_RUNTIME = YES;
				FRAMEWORK_SEARCH_PATHS = "";
				INFOPLIST_FILE = "$(SRCROOT)/HelperTool/HelperTool-Info.plist";
				LD_RUNPATH_SEARCH_PATHS = "";
				MACOSX_DEPLOYMENT_TARGET = 10.12;
				MARKETING_VERSION = 1.0.0;
				OTHER_LDFLAGS = (
					"-sectcreate",
					__TEXT,
					__launchd_plist,
					HelperTool/Launchd.plist,
					"-sectcreate",
					__TEXT,
					__info_plist,
					"HelperTool/HelperTool-Info.plist",
				);
				PRODUCT_BUNDLE_IDENTIFIER = io.omniedge.mac.Omniedge.HelperTool;
				PRODUCT_NAME = io.omniedge.mac.Omniedge.HelperTool;
				PROVISIONING_PROFILE_SPECIFIER = "";
				SWIFT_VERSION = 5.0;
			};
			name = Debug;
		};
		0B7575BE25B44FF900601DC7 /* Release */ = {
			isa = XCBuildConfiguration;
			buildSettings = {
				CODE_SIGN_IDENTITY = "Apple Distribution";
				CODE_SIGN_STYLE = Manual;
				CURRENT_PROJECT_VERSION = 100001;
				DEVELOPMENT_TEAM = QTRXQATRPQ;
				ENABLE_HARDENED_RUNTIME = YES;
				FRAMEWORK_SEARCH_PATHS = "";
				INFOPLIST_FILE = "$(SRCROOT)/HelperTool/HelperTool-Info.plist";
				LD_RUNPATH_SEARCH_PATHS = "";
				MACOSX_DEPLOYMENT_TARGET = 10.12;
				MARKETING_VERSION = 1.0.0;
				OTHER_LDFLAGS = (
					"-sectcreate",
					__TEXT,
					__launchd_plist,
					HelperTool/Launchd.plist,
					"-sectcreate",
					__TEXT,
					__info_plist,
					"HelperTool/HelperTool-Info.plist",
				);
				PRODUCT_BUNDLE_IDENTIFIER = io.omniedge.mac.Omniedge.HelperTool;
				PRODUCT_NAME = io.omniedge.mac.Omniedge.HelperTool;
				PROVISIONING_PROFILE_SPECIFIER = "";
				SWIFT_VERSION = 5.0;
			};
			name = Release;
		};
		0BBF0F8D25AB52FD001E9B2C /* Debug */ = {
			isa = XCBuildConfiguration;
			buildSettings = {
				ALWAYS_SEARCH_USER_PATHS = NO;
				CLANG_ANALYZER_NONNULL = YES;
				CLANG_ANALYZER_NUMBER_OBJECT_CONVERSION = YES_AGGRESSIVE;
				CLANG_CXX_LANGUAGE_STANDARD = "gnu++14";
				CLANG_CXX_LIBRARY = "libc++";
				CLANG_ENABLE_MODULES = YES;
				CLANG_ENABLE_OBJC_ARC = YES;
				CLANG_ENABLE_OBJC_WEAK = YES;
				CLANG_WARN_BLOCK_CAPTURE_AUTORELEASING = YES;
				CLANG_WARN_BOOL_CONVERSION = YES;
				CLANG_WARN_COMMA = YES;
				CLANG_WARN_CONSTANT_CONVERSION = YES;
				CLANG_WARN_DEPRECATED_OBJC_IMPLEMENTATIONS = YES;
				CLANG_WARN_DIRECT_OBJC_ISA_USAGE = YES_ERROR;
				CLANG_WARN_DOCUMENTATION_COMMENTS = YES;
				CLANG_WARN_EMPTY_BODY = YES;
				CLANG_WARN_ENUM_CONVERSION = YES;
				CLANG_WARN_INFINITE_RECURSION = YES;
				CLANG_WARN_INT_CONVERSION = YES;
				CLANG_WARN_NON_LITERAL_NULL_CONVERSION = YES;
				CLANG_WARN_OBJC_IMPLICIT_RETAIN_SELF = YES;
				CLANG_WARN_OBJC_LITERAL_CONVERSION = YES;
				CLANG_WARN_OBJC_ROOT_CLASS = YES_ERROR;
				CLANG_WARN_QUOTED_INCLUDE_IN_FRAMEWORK_HEADER = YES;
				CLANG_WARN_RANGE_LOOP_ANALYSIS = YES;
				CLANG_WARN_STRICT_PROTOTYPES = YES;
				CLANG_WARN_SUSPICIOUS_MOVE = YES;
				CLANG_WARN_UNGUARDED_AVAILABILITY = YES_AGGRESSIVE;
				CLANG_WARN_UNREACHABLE_CODE = YES;
				CLANG_WARN__DUPLICATE_METHOD_MATCH = YES;
				COPY_PHASE_STRIP = NO;
				DEBUG_INFORMATION_FORMAT = dwarf;
				ENABLE_STRICT_OBJC_MSGSEND = YES;
				ENABLE_TESTABILITY = YES;
				GCC_C_LANGUAGE_STANDARD = gnu11;
				GCC_DYNAMIC_NO_PIC = NO;
				GCC_NO_COMMON_BLOCKS = YES;
				GCC_OPTIMIZATION_LEVEL = 0;
				GCC_PREPROCESSOR_DEFINITIONS = (
					"DEBUG=1",
					"$(inherited)",
				);
				GCC_WARN_64_TO_32_BIT_CONVERSION = YES;
				GCC_WARN_ABOUT_RETURN_TYPE = YES_ERROR;
				GCC_WARN_UNDECLARED_SELECTOR = YES;
				GCC_WARN_UNINITIALIZED_AUTOS = YES_AGGRESSIVE;
				GCC_WARN_UNUSED_FUNCTION = YES;
				GCC_WARN_UNUSED_VARIABLE = YES;
				MACOSX_DEPLOYMENT_TARGET = 10.15;
				MTL_ENABLE_DEBUG_INFO = INCLUDE_SOURCE;
				MTL_FAST_MATH = YES;
				ONLY_ACTIVE_ARCH = YES;
				SDKROOT = macosx;
				SWIFT_ACTIVE_COMPILATION_CONDITIONS = DEBUG;
				SWIFT_OPTIMIZATION_LEVEL = "-Onone";
			};
			name = Debug;
		};
		0BBF0F8E25AB52FD001E9B2C /* Release */ = {
			isa = XCBuildConfiguration;
			buildSettings = {
				ALWAYS_SEARCH_USER_PATHS = NO;
				CLANG_ANALYZER_NONNULL = YES;
				CLANG_ANALYZER_NUMBER_OBJECT_CONVERSION = YES_AGGRESSIVE;
				CLANG_CXX_LANGUAGE_STANDARD = "gnu++14";
				CLANG_CXX_LIBRARY = "libc++";
				CLANG_ENABLE_MODULES = YES;
				CLANG_ENABLE_OBJC_ARC = YES;
				CLANG_ENABLE_OBJC_WEAK = YES;
				CLANG_WARN_BLOCK_CAPTURE_AUTORELEASING = YES;
				CLANG_WARN_BOOL_CONVERSION = YES;
				CLANG_WARN_COMMA = YES;
				CLANG_WARN_CONSTANT_CONVERSION = YES;
				CLANG_WARN_DEPRECATED_OBJC_IMPLEMENTATIONS = YES;
				CLANG_WARN_DIRECT_OBJC_ISA_USAGE = YES_ERROR;
				CLANG_WARN_DOCUMENTATION_COMMENTS = YES;
				CLANG_WARN_EMPTY_BODY = YES;
				CLANG_WARN_ENUM_CONVERSION = YES;
				CLANG_WARN_INFINITE_RECURSION = YES;
				CLANG_WARN_INT_CONVERSION = YES;
				CLANG_WARN_NON_LITERAL_NULL_CONVERSION = YES;
				CLANG_WARN_OBJC_IMPLICIT_RETAIN_SELF = YES;
				CLANG_WARN_OBJC_LITERAL_CONVERSION = YES;
				CLANG_WARN_OBJC_ROOT_CLASS = YES_ERROR;
				CLANG_WARN_QUOTED_INCLUDE_IN_FRAMEWORK_HEADER = YES;
				CLANG_WARN_RANGE_LOOP_ANALYSIS = YES;
				CLANG_WARN_STRICT_PROTOTYPES = YES;
				CLANG_WARN_SUSPICIOUS_MOVE = YES;
				CLANG_WARN_UNGUARDED_AVAILABILITY = YES_AGGRESSIVE;
				CLANG_WARN_UNREACHABLE_CODE = YES;
				CLANG_WARN__DUPLICATE_METHOD_MATCH = YES;
				COPY_PHASE_STRIP = NO;
				DEBUG_INFORMATION_FORMAT = "dwarf-with-dsym";
				ENABLE_NS_ASSERTIONS = NO;
				ENABLE_STRICT_OBJC_MSGSEND = YES;
				GCC_C_LANGUAGE_STANDARD = gnu11;
				GCC_NO_COMMON_BLOCKS = YES;
				GCC_WARN_64_TO_32_BIT_CONVERSION = YES;
				GCC_WARN_ABOUT_RETURN_TYPE = YES_ERROR;
				GCC_WARN_UNDECLARED_SELECTOR = YES;
				GCC_WARN_UNINITIALIZED_AUTOS = YES_AGGRESSIVE;
				GCC_WARN_UNUSED_FUNCTION = YES;
				GCC_WARN_UNUSED_VARIABLE = YES;
				MACOSX_DEPLOYMENT_TARGET = 10.15;
				MTL_ENABLE_DEBUG_INFO = NO;
				MTL_FAST_MATH = YES;
				SDKROOT = macosx;
				SWIFT_COMPILATION_MODE = wholemodule;
				SWIFT_OPTIMIZATION_LEVEL = "-O";
			};
			name = Release;
		};
		0BBF0F9025AB52FD001E9B2C /* Debug */ = {
			isa = XCBuildConfiguration;
			buildSettings = {
				ASSETCATALOG_COMPILER_APPICON_NAME = AppIcon;
				ASSETCATALOG_COMPILER_GLOBAL_ACCENT_COLOR_NAME = AccentColor;
				CODE_SIGN_ENTITLEMENTS = Omniedge/Omniedge.entitlements;
				CODE_SIGN_IDENTITY = "Apple Development";
				CODE_SIGN_STYLE = Manual;
				COMBINE_HIDPI_IMAGES = YES;
				CURRENT_PROJECT_VERSION = 0.2.0;
				DEVELOPMENT_TEAM = QTRXQATRPQ;
				ENABLE_HARDENED_RUNTIME = YES;
				FRAMEWORK_SEARCH_PATHS = (
					"$(PROJECT_DIR)/Carthage/Build/Mac",
					"$(PROJECT_DIR)",
				);
				INFOPLIST_FILE = Omniedge/Info.plist;
				LD_RUNPATH_SEARCH_PATHS = (
					"@executable_path/../Frameworks",
					"@loader_path/../Frameworks",
				);
				MACOSX_DEPLOYMENT_TARGET = 10.15;
				MARKETING_VERSION = 0.2.0;
				PRODUCT_BUNDLE_IDENTIFIER = io.omniedge.mac.Omniedge;
				PRODUCT_NAME = "$(TARGET_NAME)";
				PROVISIONING_PROFILE_SPECIFIER = "";
				SWIFT_VERSION = 5.0;
			};
			name = Debug;
		};
		0BBF0F9125AB52FD001E9B2C /* Release */ = {
			isa = XCBuildConfiguration;
			buildSettings = {
				ASSETCATALOG_COMPILER_APPICON_NAME = AppIcon;
				ASSETCATALOG_COMPILER_GLOBAL_ACCENT_COLOR_NAME = AccentColor;
				CODE_SIGN_ENTITLEMENTS = Omniedge/Omniedge.entitlements;
				CODE_SIGN_IDENTITY = "Apple Development";
				CODE_SIGN_STYLE = Automatic;
				COMBINE_HIDPI_IMAGES = YES;
				CURRENT_PROJECT_VERSION = 0.2.0;
				DEVELOPMENT_TEAM = QTRXQATRPQ;
				ENABLE_HARDENED_RUNTIME = YES;
				FRAMEWORK_SEARCH_PATHS = (
					"$(PROJECT_DIR)/Carthage/Build/Mac",
					"$(PROJECT_DIR)",
				);
				INFOPLIST_FILE = Omniedge/Info.plist;
				LD_RUNPATH_SEARCH_PATHS = (
					"@executable_path/../Frameworks",
					"@loader_path/../Frameworks",
				);
				MACOSX_DEPLOYMENT_TARGET = 10.15;
				MARKETING_VERSION = 0.2.0;
				PRODUCT_BUNDLE_IDENTIFIER = io.omniedge.mac.Omniedge;
				PRODUCT_NAME = "$(TARGET_NAME)";
				PROVISIONING_PROFILE_SPECIFIER = "";
				SWIFT_VERSION = 5.0;
			};
			name = Release;
		};
/* End XCBuildConfiguration section */

/* Begin XCConfigurationList section */
		0B7575BC25B44FF900601DC7 /* Build configuration list for PBXNativeTarget "HelperTool" */ = {
			isa = XCConfigurationList;
			buildConfigurations = (
				0B7575BD25B44FF900601DC7 /* Debug */,
				0B7575BE25B44FF900601DC7 /* Release */,
			);
			defaultConfigurationIsVisible = 0;
			defaultConfigurationName = Debug;
		};
		0BBF0F7A25AB52FC001E9B2C /* Build configuration list for PBXProject "Omniedge" */ = {
			isa = XCConfigurationList;
			buildConfigurations = (
				0BBF0F8D25AB52FD001E9B2C /* Debug */,
				0BBF0F8E25AB52FD001E9B2C /* Release */,
			);
			defaultConfigurationIsVisible = 0;
			defaultConfigurationName = Debug;
		};
		0BBF0F8F25AB52FD001E9B2C /* Build configuration list for PBXNativeTarget "Omniedge" */ = {
			isa = XCConfigurationList;
			buildConfigurations = (
				0BBF0F9025AB52FD001E9B2C /* Debug */,
				0BBF0F9125AB52FD001E9B2C /* Release */,
			);
			defaultConfigurationIsVisible = 0;
			defaultConfigurationName = Debug;
		};
/* End XCConfigurationList section */

/* Begin XCRemoteSwiftPackageReference section */
		0B36105F260E2F1B00CFDEEB /* XCRemoteSwiftPackageReference "bugsnag-cocoa" */ = {
			isa = XCRemoteSwiftPackageReference;
			repositoryURL = "https://github.com/bugsnag/bugsnag-cocoa";
			requirement = {
				kind = upToNextMajorVersion;
				minimumVersion = 6.8.1;
			};
		};
		0B3D99DA25DA953400344C07 /* XCRemoteSwiftPackageReference "n2n-macOS" */ = {
			isa = XCRemoteSwiftPackageReference;
			repositoryURL = "https://github.com/omniedgeio/n2n-macOS.git";
			requirement = {
				branch = main;
				kind = branch;
			};
		};
		0BD772F625E26F7A0001282C /* XCRemoteSwiftPackageReference "SwiftyPing" */ = {
			isa = XCRemoteSwiftPackageReference;
			repositoryURL = "https://github.com/samiyr/SwiftyPing";
			requirement = {
				kind = upToNextMajorVersion;
				minimumVersion = 1.1.9;
			};
		};
/* End XCRemoteSwiftPackageReference section */

/* Begin XCSwiftPackageProductDependency section */
		0B3D99DB25DA953400344C07 /* n2nMacOS */ = {
			isa = XCSwiftPackageProductDependency;
			package = 0B3D99DA25DA953400344C07 /* XCRemoteSwiftPackageReference "n2n-macOS" */;
			productName = n2nMacOS;
		};
		0B3D99DE25DA953B00344C07 /* n2nMacOS */ = {
			isa = XCSwiftPackageProductDependency;
			package = 0B3D99DA25DA953400344C07 /* XCRemoteSwiftPackageReference "n2n-macOS" */;
			productName = n2nMacOS;
		};
		0BD772F725E26F7A0001282C /* SwiftyPing */ = {
			isa = XCSwiftPackageProductDependency;
			package = 0BD772F625E26F7A0001282C /* XCRemoteSwiftPackageReference "SwiftyPing" */;
			productName = SwiftyPing;
		};
/* End XCSwiftPackageProductDependency section */
	};
	rootObject = 0BBF0F7725AB52FC001E9B2C /* Project object */;
}
